
Microsoft Visual Studio Solution File, Format Version 12.00
# Visual Studio Version 17
VisualStudioVersion = 17.2.32630.192
MinimumVisualStudioVersion = 10.0.40219.1
Project("{FAE04EC0-301F-11D3-BF4B-00C04F79EFBC}") = "gh-dotnet-webapp", "gh-dotnet-webapp\gh-dotnet-webapp.csproj", "{D9C4A136-D1CC-467E-A41A-94C38BB011AF}"
EndProject
Global
	GlobalSection(SolutionConfigurationPlatforms) = preSolution
		Debug|Any CPU = Debug|Any CPU
		Release|Any CPU = Release|Any CPU
	EndGlobalSection
	GlobalSection(ProjectConfigurationPlatforms) = postSolution
		{D9C4A136-D1CC-467E-A41A-94C38BB011AF}.Debug|Any CPU.ActiveCfg = Debug|Any CPU
		{D9C4A136-D1CC-467E-A41A-94C38BB011AF}.Debug|Any CPU.Build.0 = Debug|Any CPU
		{D9C4A136-D1CC-467E-A41A-94C38BB011AF}.Release|Any CPU.ActiveCfg = Release|Any CPU
		{D9C4A136-D1CC-467E-A41A-94C38BB011AF}.Release|Any CPU.Build.0 = Release|Any CPU
	EndGlobalSection
	GlobalSection(SolutionProperties) = preSolution
		HideSolutionNode = FALSE
	EndGlobalSection
	GlobalSection(ExtensibilityGlobals) = postSolution
		SolutionGuid = {DBE2D0C5-64D2-4AD6-9A49-CA05D7D28049}
	EndGlobalSection
EndGlobal
